
Microsoft Visual Studio Solution File, Format Version 12.00
# Visual Studio 15
Project("{FAE04EC0-301F-11D3-BF4B-00C04F79EFBC}") = "Assembly-CSharp", "Assembly-CSharp.csproj", "{18A1B323-B3E6-4372-2E74-54BC14182793}"
EndProject
Project("{FAE04EC0-301F-11D3-BF4B-00C04F79EFBC}") = "Assembly-CSharp-Editor", "Assembly-CSharp-Editor.csproj", "{0B435470-0000-CFC9-BD6D-C796EF69F76A}"
EndProject
Global
	GlobalSection(SolutionConfigurationPlatforms) = preSolution
		Debug|Any CPU = Debug|Any CPU
		Release|Any CPU = Release|Any CPU
	EndGlobalSection
	GlobalSection(ProjectConfigurationPlatforms) = postSolution
		{18A1B323-B3E6-4372-2E74-54BC14182793}.Debug|Any CPU.ActiveCfg = Debug|Any CPU
		{18A1B323-B3E6-4372-2E74-54BC14182793}.Debug|Any CPU.Build.0 = Debug|Any CPU
		{18A1B323-B3E6-4372-2E74-54BC14182793}.Release|Any CPU.ActiveCfg = Release|Any CPU
		{18A1B323-B3E6-4372-2E74-54BC14182793}.Release|Any CPU.Build.0 = Release|Any CPU
		{0B435470-0000-CFC9-BD6D-C796EF69F76A}.Debug|Any CPU.ActiveCfg = Debug|Any CPU
		{0B435470-0000-CFC9-BD6D-C796EF69F76A}.Debug|Any CPU.Build.0 = Debug|Any CPU
		{0B435470-0000-CFC9-BD6D-C796EF69F76A}.Release|Any CPU.ActiveCfg = Release|Any CPU
		{0B435470-0000-CFC9-BD6D-C796EF69F76A}.Release|Any CPU.Build.0 = Release|Any CPU
	EndGlobalSection
	GlobalSection(SolutionProperties) = preSolution
		HideSolutionNode = FALSE
	EndGlobalSection
	GlobalSection(MonoDevelopProperties) = preSolution
		StartupItem = Assembly-CSharp.csproj
	EndGlobalSection
EndGlobal
